
Microsoft Visual Studio Solution File, Format Version 12.00
# Visual Studio 2012
Project("{FAE04EC0-301F-11D3-BF4B-00C04F79EFBC}") = "Ejercicios07032019", "Ejercicios07032019\Ejercicios07032019.csproj", "{C9954F77-2524-4E2C-8F63-02E016F2C237}"
EndProject
Project("{FAE04EC0-301F-11D3-BF4B-00C04F79EFBC}") = "Biblioteca", "Biblioteca\Biblioteca.csproj", "{8F9FBCAB-C5F4-4597-B5B0-8F55B0B444E8}"
EndProject
Global
	GlobalSection(SolutionConfigurationPlatforms) = preSolution
		Debug|Any CPU = Debug|Any CPU
		Release|Any CPU = Release|Any CPU
	EndGlobalSection
	GlobalSection(ProjectConfigurationPlatforms) = postSolution
		{C9954F77-2524-4E2C-8F63-02E016F2C237}.Debug|Any CPU.ActiveCfg = Debug|Any CPU
		{C9954F77-2524-4E2C-8F63-02E016F2C237}.Debug|Any CPU.Build.0 = Debug|Any CPU
		{C9954F77-2524-4E2C-8F63-02E016F2C237}.Release|Any CPU.ActiveCfg = Release|Any CPU
		{C9954F77-2524-4E2C-8F63-02E016F2C237}.Release|Any CPU.Build.0 = Release|Any CPU
		{8F9FBCAB-C5F4-4597-B5B0-8F55B0B444E8}.Debug|Any CPU.ActiveCfg = Debug|Any CPU
		{8F9FBCAB-C5F4-4597-B5B0-8F55B0B444E8}.Debug|Any CPU.Build.0 = Debug|Any CPU
		{8F9FBCAB-C5F4-4597-B5B0-8F55B0B444E8}.Release|Any CPU.ActiveCfg = Release|Any CPU
		{8F9FBCAB-C5F4-4597-B5B0-8F55B0B444E8}.Release|Any CPU.Build.0 = Release|Any CPU
	EndGlobalSection
	GlobalSection(SolutionProperties) = preSolution
		HideSolutionNode = FALSE
	EndGlobalSection
EndGlobal
